
Microsoft Visual Studio Solution File, Format Version 12.00
Project("{2150E333-8FDC-42A3-9474-1A3956D46DE8}") = "N1.Basics", "N1.Basics", "{78B73DF8-DE5D-4DC9-B950-984B99B7225A}"
EndProject
Project("{FAE04EC0-301F-11D3-BF4B-00C04F79EFBC}") = "AiCapabilities.Providers.OpenAi.Basics", "AiCapabilities.Providers.OpenAi.Basics\AiCapabilities.Providers.OpenAi.Basics.csproj", "{857043FC-2E93-4B8F-9DAD-F41BB100A7C4}"
EndProject
Project("{2150E333-8FDC-42A3-9474-1A3956D46DE8}") = "N2.Capabilities", "N2.Capabilities", "{38F6E061-6B24-425D-BDD7-0BD339AA175B}"
EndProject
Project("{FAE04EC0-301F-11D3-BF4B-00C04F79EFBC}") = "AiCapabilities.Providers.OpenAi.Capabilities.ChatCompletion", "AiCapabilities.Providers.OpenAi.Capabilities.ChatCompletion\AiCapabilities.Providers.OpenAi.Capabilities.ChatCompletion.csproj", "{18E73A52-EB6C-4046-A013-DADE32CF8AAE}"
EndProject
Project("{FAE04EC0-301F-11D3-BF4B-00C04F79EFBC}") = "AiCapabilities.Providers.OpenAi.Capabilities.ChatCompletion.FunctionCalling", "AiCapabilities.Providers.OpenAi.Capabilities.ChatCompletion.FunctionCalling\AiCapabilities.Providers.OpenAi.Capabilities.ChatCompletion.FunctionCalling.csproj", "{8B4340C2-BE89-4FE4-9D04-D605DAA3BFD2}"
EndProject
Project("{FAE04EC0-301F-11D3-BF4B-00C04F79EFBC}") = "AiCapabilities.Providers.OpenAi.Capabilities.ChatCompletion.StructuredOutputs", "AiCapabilities.Providers.OpenAi.Capabilities.ChatCompletion.StructuredOutputs\AiCapabilities.Providers.OpenAi.Capabilities.ChatCompletion.StructuredOutputs.csproj", "{F483A707-8094-4046-925F-6C773214C504}"
EndProject
Project("{FAE04EC0-301F-11D3-BF4B-00C04F79EFBC}") = "AiCapabilities.Providers.OpenAi.Capabilities.ImageGeneration", "AiCapabilities.Providers.OpenAi.Capabilities.ImageGeneration\AiCapabilities.Providers.OpenAi.Capabilities.ImageGeneration.csproj", "{3B02B87C-C3E1-416F-83D5-3EE3FF03A431}"
EndProject
Project("{FAE04EC0-301F-11D3-BF4B-00C04F79EFBC}") = "AiCapabilities.Providers.OpenAi.Capabilities.ImageGeneration.ImagesQuality", "AiCapabilities.Providers.OpenAi.Capabilities.ImageGeneration.ImagesQuality\AiCapabilities.Providers.OpenAi.Capabilities.ImageGeneration.ImagesQuality.csproj", "{DE48AA2A-A050-4658-9127-66CED4F4D39F}"
EndProject
Project("{FAE04EC0-301F-11D3-BF4B-00C04F79EFBC}") = "AiCapabilities.Providers.OpenAi.Capabilities.ImageGeneration.Variations", "AiCapabilities.Providers.OpenAi.Capabilities.ImageGeneration.Variations\AiCapabilities.Providers.OpenAi.Capabilities.ImageGeneration.Variations.csproj", "{0B6ACE64-2D5A-4F06-9CAD-53567BAE11E5}"
EndProject
Global
	GlobalSection(SolutionConfigurationPlatforms) = preSolution
		Debug|Any CPU = Debug|Any CPU
		Release|Any CPU = Release|Any CPU
	EndGlobalSection
	GlobalSection(NestedProjects) = preSolution
		{857043FC-2E93-4B8F-9DAD-F41BB100A7C4} = {78B73DF8-DE5D-4DC9-B950-984B99B7225A}
		{18E73A52-EB6C-4046-A013-DADE32CF8AAE} = {38F6E061-6B24-425D-BDD7-0BD339AA175B}
		{8B4340C2-BE89-4FE4-9D04-D605DAA3BFD2} = {38F6E061-6B24-425D-BDD7-0BD339AA175B}
		{F483A707-8094-4046-925F-6C773214C504} = {38F6E061-6B24-425D-BDD7-0BD339AA175B}
		{3B02B87C-C3E1-416F-83D5-3EE3FF03A431} = {38F6E061-6B24-425D-BDD7-0BD339AA175B}
		{DE48AA2A-A050-4658-9127-66CED4F4D39F} = {38F6E061-6B24-425D-BDD7-0BD339AA175B}
		{0B6ACE64-2D5A-4F06-9CAD-53567BAE11E5} = {38F6E061-6B24-425D-BDD7-0BD339AA175B}
	EndGlobalSection
	GlobalSection(ProjectConfigurationPlatforms) = postSolution
		{857043FC-2E93-4B8F-9DAD-F41BB100A7C4}.Debug|Any CPU.ActiveCfg = Debug|Any CPU
		{857043FC-2E93-4B8F-9DAD-F41BB100A7C4}.Debug|Any CPU.Build.0 = Debug|Any CPU
		{857043FC-2E93-4B8F-9DAD-F41BB100A7C4}.Release|Any CPU.ActiveCfg = Release|Any CPU
		{857043FC-2E93-4B8F-9DAD-F41BB100A7C4}.Release|Any CPU.Build.0 = Release|Any CPU
		{18E73A52-EB6C-4046-A013-DADE32CF8AAE}.Debug|Any CPU.ActiveCfg = Debug|Any CPU
		{18E73A52-EB6C-4046-A013-DADE32CF8AAE}.Debug|Any CPU.Build.0 = Debug|Any CPU
		{18E73A52-EB6C-4046-A013-DADE32CF8AAE}.Release|Any CPU.ActiveCfg = Release|Any CPU
		{18E73A52-EB6C-4046-A013-DADE32CF8AAE}.Release|Any CPU.Build.0 = Release|Any CPU
		{8B4340C2-BE89-4FE4-9D04-D605DAA3BFD2}.Debug|Any CPU.ActiveCfg = Debug|Any CPU
		{8B4340C2-BE89-4FE4-9D04-D605DAA3BFD2}.Debug|Any CPU.Build.0 = Debug|Any CPU
		{8B4340C2-BE89-4FE4-9D04-D605DAA3BFD2}.Release|Any CPU.ActiveCfg = Release|Any CPU
		{8B4340C2-BE89-4FE4-9D04-D605DAA3BFD2}.Release|Any CPU.Build.0 = Release|Any CPU
		{F483A707-8094-4046-925F-6C773214C504}.Debug|Any CPU.ActiveCfg = Debug|Any CPU
		{F483A707-8094-4046-925F-6C773214C504}.Debug|Any CPU.Build.0 = Debug|Any CPU
		{F483A707-8094-4046-925F-6C773214C504}.Release|Any CPU.ActiveCfg = Release|Any CPU
		{F483A707-8094-4046-925F-6C773214C504}.Release|Any CPU.Build.0 = Release|Any CPU
		{3B02B87C-C3E1-416F-83D5-3EE3FF03A431}.Debug|Any CPU.ActiveCfg = Debug|Any CPU
		{3B02B87C-C3E1-416F-83D5-3EE3FF03A431}.Debug|Any CPU.Build.0 = Debug|Any CPU
		{3B02B87C-C3E1-416F-83D5-3EE3FF03A431}.Release|Any CPU.ActiveCfg = Release|Any CPU
		{3B02B87C-C3E1-416F-83D5-3EE3FF03A431}.Release|Any CPU.Build.0 = Release|Any CPU
		{DE48AA2A-A050-4658-9127-66CED4F4D39F}.Debug|Any CPU.ActiveCfg = Debug|Any CPU
		{DE48AA2A-A050-4658-9127-66CED4F4D39F}.Debug|Any CPU.Build.0 = Debug|Any CPU
		{DE48AA2A-A050-4658-9127-66CED4F4D39F}.Release|Any CPU.ActiveCfg = Release|Any CPU
		{DE48AA2A-A050-4658-9127-66CED4F4D39F}.Release|Any CPU.Build.0 = Release|Any CPU
		{0B6ACE64-2D5A-4F06-9CAD-53567BAE11E5}.Debug|Any CPU.ActiveCfg = Debug|Any CPU
		{0B6ACE64-2D5A-4F06-9CAD-53567BAE11E5}.Debug|Any CPU.Build.0 = Debug|Any CPU
		{0B6ACE64-2D5A-4F06-9CAD-53567BAE11E5}.Release|Any CPU.ActiveCfg = Release|Any CPU
		{0B6ACE64-2D5A-4F06-9CAD-53567BAE11E5}.Release|Any CPU.Build.0 = Release|Any CPU
	EndGlobalSection
EndGlobal
