
Microsoft Visual Studio Solution File, Format Version 12.00
Project("{2150E333-8FDC-42A3-9474-1A3956D46DE8}") = "N1.Basics", "N1.Basics", "{78B73DF8-DE5D-4DC9-B950-984B99B7225A}"
EndProject
Project("{FAE04EC0-301F-11D3-BF4B-00C04F79EFBC}") = "AiCapabilities.Providers.OpenAi.Basics", "AiCapabilities.Providers.OpenAi.Basics\AiCapabilities.Providers.OpenAi.Basics.csproj", "{857043FC-2E93-4B8F-9DAD-F41BB100A7C4}"
EndProject
Project("{2150E333-8FDC-42A3-9474-1A3956D46DE8}") = "N2.Capabilities", "N2.Capabilities", "{38F6E061-6B24-425D-BDD7-0BD339AA175B}"
EndProject
Project("{FAE04EC0-301F-11D3-BF4B-00C04F79EFBC}") = "AiCapabilities.Providers.OpenAi.Capabilities.TextGeneration", "AiCapabilities.Providers.OpenAi.Capabilities.TextGeneration\AiCapabilities.Providers.OpenAi.Capabilities.TextGeneration.csproj", "{18E73A52-EB6C-4046-A013-DADE32CF8AAE}"
EndProject
Project("{FAE04EC0-301F-11D3-BF4B-00C04F79EFBC}") = "AiCapabilities.Providers.OpenAi.Guides.FunctionCalling", "AiCapabilities.Providers.OpenAi.Guides.FunctionCalling\AiCapabilities.Providers.OpenAi.Guides.FunctionCalling.csproj", "{8B4340C2-BE89-4FE4-9D04-D605DAA3BFD2}"
EndProject
Project("{FAE04EC0-301F-11D3-BF4B-00C04F79EFBC}") = "AiCapabilities.Providers.OpenAi.Guides.StructuredOutputs", "AiCapabilities.Providers.OpenAi.Guides.StructuredOutputs\AiCapabilities.Providers.OpenAi.Guides.StructuredOutputs.csproj", "{F483A707-8094-4046-925F-6C773214C504}"
EndProject
Project("{FAE04EC0-301F-11D3-BF4B-00C04F79EFBC}") = "AiCapabilities.Providers.OpenAi.Capabilities.ImageGeneration", "AiCapabilities.Providers.OpenAi.Capabilities.ImageGeneration\AiCapabilities.Providers.OpenAi.Capabilities.ImageGeneration.csproj", "{3B02B87C-C3E1-416F-83D5-3EE3FF03A431}"
EndProject
Project("{FAE04EC0-301F-11D3-BF4B-00C04F79EFBC}") = "AiCapabilities.Providers.OpenAi.Capabilities.ImageGeneration.ImagesQuality", "AiCapabilities.Providers.OpenAi.Capabilities.ImageGeneration.ImagesQuality\AiCapabilities.Providers.OpenAi.Capabilities.ImageGeneration.ImagesQuality.csproj", "{DE48AA2A-A050-4658-9127-66CED4F4D39F}"
EndProject
Project("{FAE04EC0-301F-11D3-BF4B-00C04F79EFBC}") = "AiCapabilities.Providers.OpenAi.Capabilities.ImageGeneration.Variations", "AiCapabilities.Providers.OpenAi.Capabilities.ImageGeneration.Variations\AiCapabilities.Providers.OpenAi.Capabilities.ImageGeneration.Variations.csproj", "{0B6ACE64-2D5A-4F06-9CAD-53567BAE11E5}"
EndProject
Project("{FAE04EC0-301F-11D3-BF4B-00C04F79EFBC}") = "AiCapabilities.Providers.OpenAi.Capabilities.ImageGeneration.Editing", "AiCapabilities.Providers.OpenAi.Capabilities.ImageGeneration.Editing\AiCapabilities.Providers.OpenAi.Capabilities.ImageGeneration.Editing.csproj", "{1B6D0640-B4EC-43F2-93DF-4846D56F00E3}"
EndProject
Project("{2150E333-8FDC-42A3-9474-1A3956D46DE8}") = "N2.C1.TextGeneration", "N2.C1.TextGeneration", "{E3418879-4DB7-4EA3-86D6-8B5814D0BA8C}"
EndProject
Project("{2150E333-8FDC-42A3-9474-1A3956D46DE8}") = "N3.Guides", "N3.Guides", "{EC711B7B-7984-421E-B20E-0A0414FE5859}"
EndProject
Project("{2150E333-8FDC-42A3-9474-1A3956D46DE8}") = "N2.C2.ImageGeneration", "N2.C2.ImageGeneration", "{1CA32140-2484-4259-B84C-3F5B9B23B2B6}"
EndProject
Project("{2150E333-8FDC-42A3-9474-1A3956D46DE8}") = "N2.C3.Vision", "N2.C3.Vision", "{CCFB11D1-A898-4960-BDCD-99D8C81EDE24}"
EndProject
Project("{2150E333-8FDC-42A3-9474-1A3956D46DE8}") = "N2.C4.AudioGeneration", "N2.C4.AudioGeneration", "{3904382C-07DC-4B67-BFE3-C21CE1EDB7E4}"
EndProject
Project("{2150E333-8FDC-42A3-9474-1A3956D46DE8}") = "N2.C5.TextToSpeech", "N2.C5.TextToSpeech", "{E89BF224-9DBD-48B2-A354-4F3ACACE4BAE}"
EndProject
Project("{2150E333-8FDC-42A3-9474-1A3956D46DE8}") = "N2.C6.SpeechToText", "N2.C6.SpeechToText", "{4EED77C5-5988-4BFD-91EA-6D69E11A1E16}"
EndProject
Project("{2150E333-8FDC-42A3-9474-1A3956D46DE8}") = "N2.C7.Embeddings", "N2.C7.Embeddings", "{E9F75F61-319F-4CF9-8E37-207959244D0E}"
EndProject
Project("{2150E333-8FDC-42A3-9474-1A3956D46DE8}") = "N2.C8.Moderation", "N2.C8.Moderation", "{544A4D56-9B40-483A-A745-EB92CD637B19}"
EndProject
Project("{2150E333-8FDC-42A3-9474-1A3956D46DE8}") = "N2.C9.Reasoning", "N2.C9.Reasoning", "{81F7F016-C1EE-4C00-BE90-C2B54FFB3AFF}"
EndProject
Project("{2150E333-8FDC-42A3-9474-1A3956D46DE8}") = "N3.G1.FunctionCalling", "N3.G1.FunctionCalling", "{25D8819E-E24E-4312-9C6A-C3F9E287FBA3}"
EndProject
Project("{2150E333-8FDC-42A3-9474-1A3956D46DE8}") = "N3.G2.StructuredOutputs", "N3.G2.StructuredOutputs", "{C9445326-6CB7-4D1F-978A-E7B90ACE871B}"
EndProject
Project("{2150E333-8FDC-42A3-9474-1A3956D46DE8}") = "N3.G3.Evaluations", "N3.G3.Evaluations", "{E18AC19B-FCA1-4AEA-A0A1-A694E3F36BED}"
EndProject
Project("{2150E333-8FDC-42A3-9474-1A3956D46DE8}") = "N3.G4.FineTuning", "N3.G4.FineTuning", "{63DD479D-CDAF-47B0-81A9-8BDDEDF60FBC}"
EndProject
Project("{2150E333-8FDC-42A3-9474-1A3956D46DE8}") = "N3.G5.Distillation", "N3.G5.Distillation", "{DEECA3F3-4622-4C98-B005-66380001D81C}"
EndProject
Project("{2150E333-8FDC-42A3-9474-1A3956D46DE8}") = "N3.G6.RealTimeApi", "N3.G6.RealTimeApi", "{AEDF4137-797B-4261-ACC2-04D87A09CEEB}"
EndProject
Project("{2150E333-8FDC-42A3-9474-1A3956D46DE8}") = "N3.G7.BatchApi", "N3.G7.BatchApi", "{D79F6BA4-B8CF-46E8-B28B-9A2346EE8146}"
EndProject
Project("{FAE04EC0-301F-11D3-BF4B-00C04F79EFBC}") = "AiCapabilities.Providers.OpenAi.Capabilities.Vision", "AiCapabilities.Providers.OpenAi.Capabilities.Vision\AiCapabilities.Providers.OpenAi.Capabilities.Vision.csproj", "{02FC5D13-AAA2-467F-921D-E1C390F35F50}"
EndProject
Project("{FAE04EC0-301F-11D3-BF4B-00C04F79EFBC}") = "AiCapabilities.Providers.OpenAi.Capabilities.AudioGeneration", "AiCapabilities.Providers.OpenAi.Capabilities.AudioGeneration\AiCapabilities.Providers.OpenAi.Capabilities.AudioGeneration.csproj", "{3A016386-DA01-474B-8C26-EB130BC35738}"
EndProject
Project("{FAE04EC0-301F-11D3-BF4B-00C04F79EFBC}") = "Shared", "Shared\Shared.csproj", "{2457744F-CE89-4809-8F0B-6E9CEBC12C0B}"
EndProject
Project("{FAE04EC0-301F-11D3-BF4B-00C04F79EFBC}") = "AiCapabilities.Providers.OpenAi.Capabilities.TextToSpeech", "AiCapabilities.Providers.OpenAi.Capabilities.TextToSpeech\AiCapabilities.Providers.OpenAi.Capabilities.TextToSpeech.csproj", "{CFB05A82-DE52-47E6-ADA6-C1AD3B03A860}"
EndProject
Project("{FAE04EC0-301F-11D3-BF4B-00C04F79EFBC}") = "AiCapabilities.Providers.OpenAi.Capabilities.TextToSpeech.QualitySpeech", "AiCapabilities.Providers.OpenAi.Capabilities.TextToSpeech.QualitySpeech\AiCapabilities.Providers.OpenAi.Capabilities.TextToSpeech.QualitySpeech.csproj", "{DB12807F-053E-40D4-A11E-04DD635A83FF}"
EndProject
Project("{FAE04EC0-301F-11D3-BF4B-00C04F79EFBC}") = "AiCapabilities.Providers.OpenAi.Capabilities.TextToSpeech.Streaming", "AiCapabilities.Providers.OpenAi.Capabilities.TextToSpeech.Streaming\AiCapabilities.Providers.OpenAi.Capabilities.TextToSpeech.Streaming.csproj", "{1646727E-3817-4468-AD87-CBA0B669396D}"
EndProject
Project("{FAE04EC0-301F-11D3-BF4B-00C04F79EFBC}") = "AiCapabilities.Providers.OpenAi.Capabilities.SpeechToText.Transcription", "AiCapabilities.Providers.OpenAi.Capabilities.SpeechToText.Transcription\AiCapabilities.Providers.OpenAi.Capabilities.SpeechToText.Transcription.csproj", "{07AE1107-BBF2-45D1-8E2C-9F723292DC4E}"
EndProject
Project("{FAE04EC0-301F-11D3-BF4B-00C04F79EFBC}") = "AiCapabilities.Providers.OpenAi.Capabilities.SpeechToText.Transcription.Formats", "AiCapabilities.Providers.OpenAi.Capabilities.SpeechToText.Transcription.Formats\AiCapabilities.Providers.OpenAi.Capabilities.SpeechToText.Transcription.Formats.csproj", "{07293955-3336-48AB-9164-9DBDED8A8434}"
EndProject
Project("{FAE04EC0-301F-11D3-BF4B-00C04F79EFBC}") = "AiCapabilities.Providers.OpenAi.Capabilities.SpeechToText.Transcription.Prompts", "AiCapabilities.Providers.OpenAi.Capabilities.SpeechToText.Transcription.Prompts\AiCapabilities.Providers.OpenAi.Capabilities.SpeechToText.Transcription.Prompts.csproj", "{1C111FDD-30AB-4F58-AB91-AEC8C6C04DD7}"
EndProject
Project("{FAE04EC0-301F-11D3-BF4B-00C04F79EFBC}") = "AiCapabilities.Providers.OpenAi.Capabilities.SpeechToText.Transcription.PostProcessing", "AiCapabilities.Providers.OpenAi.Capabilities.SpeechToText.Transcription.PostProcessing\AiCapabilities.Providers.OpenAi.Capabilities.SpeechToText.Transcription.PostProcessing.csproj", "{5F99464A-1372-4D94-AAA3-DB28237F19DF}"
EndProject
Project("{FAE04EC0-301F-11D3-BF4B-00C04F79EFBC}") = "AiCapabilities.Providers.OpenAi.Capabilities.SpeechToText.Translations", "AiCapabilities.Providers.OpenAi.Capabilities.SpeechToText.Translations\AiCapabilities.Providers.OpenAi.Capabilities.SpeechToText.Translations.csproj", "{440121C2-096A-4902-A479-0CA816C0CFEC}"
EndProject
Project("{FAE04EC0-301F-11D3-BF4B-00C04F79EFBC}") = "AiCapabilities.Providers.OpenAi.Capabilities.TextToSpeech.DifferentLanguage", "AiCapabilities.Providers.OpenAi.Capabilities.TextToSpeech.DifferentLanguage\AiCapabilities.Providers.OpenAi.Capabilities.TextToSpeech.DifferentLanguage.csproj", "{544FEC13-1728-40BF-ADE3-BF00E36274A7}"
EndProject
Project("{FAE04EC0-301F-11D3-BF4B-00C04F79EFBC}") = "AiCapabilities.Providers.OpenAi.Capabilities.SpeechToText.Transcription.DifferentLanguage", "AiCapabilities.Providers.OpenAi.Capabilities.SpeechToText.Transcription.DifferentLanguage\AiCapabilities.Providers.OpenAi.Capabilities.SpeechToText.Transcription.DifferentLanguage.csproj", "{4BE75043-32EE-4987-8977-3A984DB9988C}"
EndProject
Project("{FAE04EC0-301F-11D3-BF4B-00C04F79EFBC}") = "AiCapabilities.Providers.OpenAi.Capabilities.Embeddings", "AiCapabilities.Providers.OpenAi.Capabilities.Embeddings\AiCapabilities.Providers.OpenAi.Capabilities.Embeddings.csproj", "{D63BCDF3-4176-4F9A-AD8E-4940D02C77A7}"
EndProject
Project("{FAE04EC0-301F-11D3-BF4B-00C04F79EFBC}") = "AiCapabilities.Providers.OpenAi.Capabilities.Embeddings.ReducingDimensions", "AiCapabilities.Providers.OpenAi.Capabilities.Embeddings.ReducingDimensions\AiCapabilities.Providers.OpenAi.Capabilities.Embeddings.ReducingDimensions.csproj", "{42EFBBD3-461F-437A-A3EF-5F64629D52B1}"
EndProject
Project("{FAE04EC0-301F-11D3-BF4B-00C04F79EFBC}") = "AiCapabilities.Providers.OpenAi.Capabilities.Embeddings.TextSearch", "AiCapabilities.Providers.OpenAi.Capabilities.Embeddings.TextSearch\AiCapabilities.Providers.OpenAi.Capabilities.Embeddings.TextSearch.csproj", "{D9425E23-01AA-4A41-8F37-8F6C9E087F4D}"
EndProject
Project("{FAE04EC0-301F-11D3-BF4B-00C04F79EFBC}") = "AiCapabilities.Providers.OpenAi.Capabilities.Embeddings.Usages.FeatureEncoding", "AiCapabilities.Providers.OpenAi.Capabilities.Embeddings.Usages.FeatureEncoding\AiCapabilities.Providers.OpenAi.Capabilities.Embeddings.Usages.FeatureEncoding.csproj", "{2FE1081B-624F-4E3F-8B64-ACD6C34F3D37}"
EndProject
Project("{FAE04EC0-301F-11D3-BF4B-00C04F79EFBC}") = "AiCapabilities.Providers.OpenAi.Capabilities.Embeddings.Clustering", "AiCapabilities.Providers.OpenAi.Capabilities.Embeddings.Clustering\AiCapabilities.Providers.OpenAi.Capabilities.Embeddings.Clustering.csproj", "{E45E360E-0514-453B-B64B-69D02EAAE59B}"
EndProject
Project("{FAE04EC0-301F-11D3-BF4B-00C04F79EFBC}") = "AiCapabilities.Providers.OpenAi.Capabilities.Moderation", "AiCapabilities.Providers.OpenAi.Capabilities.Moderation\AiCapabilities.Providers.OpenAi.Capabilities.Moderation.csproj", "{0DA98071-C17D-43D2-855F-B893E75630A3}"
EndProject
Global
	GlobalSection(SolutionConfigurationPlatforms) = preSolution
		Debug|Any CPU = Debug|Any CPU
		Release|Any CPU = Release|Any CPU
	EndGlobalSection
	GlobalSection(NestedProjects) = preSolution
		{857043FC-2E93-4B8F-9DAD-F41BB100A7C4} = {78B73DF8-DE5D-4DC9-B950-984B99B7225A}
		{E3418879-4DB7-4EA3-86D6-8B5814D0BA8C} = {38F6E061-6B24-425D-BDD7-0BD339AA175B}
		{18E73A52-EB6C-4046-A013-DADE32CF8AAE} = {E3418879-4DB7-4EA3-86D6-8B5814D0BA8C}
		{1CA32140-2484-4259-B84C-3F5B9B23B2B6} = {38F6E061-6B24-425D-BDD7-0BD339AA175B}
		{CCFB11D1-A898-4960-BDCD-99D8C81EDE24} = {38F6E061-6B24-425D-BDD7-0BD339AA175B}
		{3904382C-07DC-4B67-BFE3-C21CE1EDB7E4} = {38F6E061-6B24-425D-BDD7-0BD339AA175B}
		{E89BF224-9DBD-48B2-A354-4F3ACACE4BAE} = {38F6E061-6B24-425D-BDD7-0BD339AA175B}
		{4EED77C5-5988-4BFD-91EA-6D69E11A1E16} = {38F6E061-6B24-425D-BDD7-0BD339AA175B}
		{E9F75F61-319F-4CF9-8E37-207959244D0E} = {38F6E061-6B24-425D-BDD7-0BD339AA175B}
		{544A4D56-9B40-483A-A745-EB92CD637B19} = {38F6E061-6B24-425D-BDD7-0BD339AA175B}
		{81F7F016-C1EE-4C00-BE90-C2B54FFB3AFF} = {38F6E061-6B24-425D-BDD7-0BD339AA175B}
		{25D8819E-E24E-4312-9C6A-C3F9E287FBA3} = {EC711B7B-7984-421E-B20E-0A0414FE5859}
		{C9445326-6CB7-4D1F-978A-E7B90ACE871B} = {EC711B7B-7984-421E-B20E-0A0414FE5859}
		{E18AC19B-FCA1-4AEA-A0A1-A694E3F36BED} = {EC711B7B-7984-421E-B20E-0A0414FE5859}
		{63DD479D-CDAF-47B0-81A9-8BDDEDF60FBC} = {EC711B7B-7984-421E-B20E-0A0414FE5859}
		{DEECA3F3-4622-4C98-B005-66380001D81C} = {EC711B7B-7984-421E-B20E-0A0414FE5859}
		{AEDF4137-797B-4261-ACC2-04D87A09CEEB} = {EC711B7B-7984-421E-B20E-0A0414FE5859}
		{D79F6BA4-B8CF-46E8-B28B-9A2346EE8146} = {EC711B7B-7984-421E-B20E-0A0414FE5859}
		{8B4340C2-BE89-4FE4-9D04-D605DAA3BFD2} = {25D8819E-E24E-4312-9C6A-C3F9E287FBA3}
		{F483A707-8094-4046-925F-6C773214C504} = {C9445326-6CB7-4D1F-978A-E7B90ACE871B}
		{3B02B87C-C3E1-416F-83D5-3EE3FF03A431} = {1CA32140-2484-4259-B84C-3F5B9B23B2B6}
		{1B6D0640-B4EC-43F2-93DF-4846D56F00E3} = {1CA32140-2484-4259-B84C-3F5B9B23B2B6}
		{DE48AA2A-A050-4658-9127-66CED4F4D39F} = {1CA32140-2484-4259-B84C-3F5B9B23B2B6}
		{0B6ACE64-2D5A-4F06-9CAD-53567BAE11E5} = {1CA32140-2484-4259-B84C-3F5B9B23B2B6}
		{02FC5D13-AAA2-467F-921D-E1C390F35F50} = {CCFB11D1-A898-4960-BDCD-99D8C81EDE24}
		{3A016386-DA01-474B-8C26-EB130BC35738} = {3904382C-07DC-4B67-BFE3-C21CE1EDB7E4}
		{CFB05A82-DE52-47E6-ADA6-C1AD3B03A860} = {E89BF224-9DBD-48B2-A354-4F3ACACE4BAE}
		{DB12807F-053E-40D4-A11E-04DD635A83FF} = {E89BF224-9DBD-48B2-A354-4F3ACACE4BAE}
		{1646727E-3817-4468-AD87-CBA0B669396D} = {E89BF224-9DBD-48B2-A354-4F3ACACE4BAE}
		{07AE1107-BBF2-45D1-8E2C-9F723292DC4E} = {4EED77C5-5988-4BFD-91EA-6D69E11A1E16}
		{07293955-3336-48AB-9164-9DBDED8A8434} = {4EED77C5-5988-4BFD-91EA-6D69E11A1E16}
		{1C111FDD-30AB-4F58-AB91-AEC8C6C04DD7} = {4EED77C5-5988-4BFD-91EA-6D69E11A1E16}
		{5F99464A-1372-4D94-AAA3-DB28237F19DF} = {4EED77C5-5988-4BFD-91EA-6D69E11A1E16}
		{440121C2-096A-4902-A479-0CA816C0CFEC} = {4EED77C5-5988-4BFD-91EA-6D69E11A1E16}
		{544FEC13-1728-40BF-ADE3-BF00E36274A7} = {E89BF224-9DBD-48B2-A354-4F3ACACE4BAE}
		{4BE75043-32EE-4987-8977-3A984DB9988C} = {4EED77C5-5988-4BFD-91EA-6D69E11A1E16}
		{D63BCDF3-4176-4F9A-AD8E-4940D02C77A7} = {E9F75F61-319F-4CF9-8E37-207959244D0E}
		{42EFBBD3-461F-437A-A3EF-5F64629D52B1} = {E9F75F61-319F-4CF9-8E37-207959244D0E}
		{D9425E23-01AA-4A41-8F37-8F6C9E087F4D} = {E9F75F61-319F-4CF9-8E37-207959244D0E}
		{2FE1081B-624F-4E3F-8B64-ACD6C34F3D37} = {E9F75F61-319F-4CF9-8E37-207959244D0E}
		{E45E360E-0514-453B-B64B-69D02EAAE59B} = {E9F75F61-319F-4CF9-8E37-207959244D0E}
		{0DA98071-C17D-43D2-855F-B893E75630A3} = {544A4D56-9B40-483A-A745-EB92CD637B19}
	EndGlobalSection
	GlobalSection(ProjectConfigurationPlatforms) = postSolution
		{857043FC-2E93-4B8F-9DAD-F41BB100A7C4}.Debug|Any CPU.ActiveCfg = Debug|Any CPU
		{857043FC-2E93-4B8F-9DAD-F41BB100A7C4}.Debug|Any CPU.Build.0 = Debug|Any CPU
		{857043FC-2E93-4B8F-9DAD-F41BB100A7C4}.Release|Any CPU.ActiveCfg = Release|Any CPU
		{857043FC-2E93-4B8F-9DAD-F41BB100A7C4}.Release|Any CPU.Build.0 = Release|Any CPU
		{18E73A52-EB6C-4046-A013-DADE32CF8AAE}.Debug|Any CPU.ActiveCfg = Debug|Any CPU
		{18E73A52-EB6C-4046-A013-DADE32CF8AAE}.Debug|Any CPU.Build.0 = Debug|Any CPU
		{18E73A52-EB6C-4046-A013-DADE32CF8AAE}.Release|Any CPU.ActiveCfg = Release|Any CPU
		{18E73A52-EB6C-4046-A013-DADE32CF8AAE}.Release|Any CPU.Build.0 = Release|Any CPU
		{8B4340C2-BE89-4FE4-9D04-D605DAA3BFD2}.Debug|Any CPU.ActiveCfg = Debug|Any CPU
		{8B4340C2-BE89-4FE4-9D04-D605DAA3BFD2}.Debug|Any CPU.Build.0 = Debug|Any CPU
		{8B4340C2-BE89-4FE4-9D04-D605DAA3BFD2}.Release|Any CPU.ActiveCfg = Release|Any CPU
		{8B4340C2-BE89-4FE4-9D04-D605DAA3BFD2}.Release|Any CPU.Build.0 = Release|Any CPU
		{F483A707-8094-4046-925F-6C773214C504}.Debug|Any CPU.ActiveCfg = Debug|Any CPU
		{F483A707-8094-4046-925F-6C773214C504}.Debug|Any CPU.Build.0 = Debug|Any CPU
		{F483A707-8094-4046-925F-6C773214C504}.Release|Any CPU.ActiveCfg = Release|Any CPU
		{F483A707-8094-4046-925F-6C773214C504}.Release|Any CPU.Build.0 = Release|Any CPU
		{3B02B87C-C3E1-416F-83D5-3EE3FF03A431}.Debug|Any CPU.ActiveCfg = Debug|Any CPU
		{3B02B87C-C3E1-416F-83D5-3EE3FF03A431}.Debug|Any CPU.Build.0 = Debug|Any CPU
		{3B02B87C-C3E1-416F-83D5-3EE3FF03A431}.Release|Any CPU.ActiveCfg = Release|Any CPU
		{3B02B87C-C3E1-416F-83D5-3EE3FF03A431}.Release|Any CPU.Build.0 = Release|Any CPU
		{DE48AA2A-A050-4658-9127-66CED4F4D39F}.Debug|Any CPU.ActiveCfg = Debug|Any CPU
		{DE48AA2A-A050-4658-9127-66CED4F4D39F}.Debug|Any CPU.Build.0 = Debug|Any CPU
		{DE48AA2A-A050-4658-9127-66CED4F4D39F}.Release|Any CPU.ActiveCfg = Release|Any CPU
		{DE48AA2A-A050-4658-9127-66CED4F4D39F}.Release|Any CPU.Build.0 = Release|Any CPU
		{0B6ACE64-2D5A-4F06-9CAD-53567BAE11E5}.Debug|Any CPU.ActiveCfg = Debug|Any CPU
		{0B6ACE64-2D5A-4F06-9CAD-53567BAE11E5}.Debug|Any CPU.Build.0 = Debug|Any CPU
		{0B6ACE64-2D5A-4F06-9CAD-53567BAE11E5}.Release|Any CPU.ActiveCfg = Release|Any CPU
		{0B6ACE64-2D5A-4F06-9CAD-53567BAE11E5}.Release|Any CPU.Build.0 = Release|Any CPU
		{1B6D0640-B4EC-43F2-93DF-4846D56F00E3}.Debug|Any CPU.ActiveCfg = Debug|Any CPU
		{1B6D0640-B4EC-43F2-93DF-4846D56F00E3}.Debug|Any CPU.Build.0 = Debug|Any CPU
		{1B6D0640-B4EC-43F2-93DF-4846D56F00E3}.Release|Any CPU.ActiveCfg = Release|Any CPU
		{1B6D0640-B4EC-43F2-93DF-4846D56F00E3}.Release|Any CPU.Build.0 = Release|Any CPU
		{02FC5D13-AAA2-467F-921D-E1C390F35F50}.Debug|Any CPU.ActiveCfg = Debug|Any CPU
		{02FC5D13-AAA2-467F-921D-E1C390F35F50}.Debug|Any CPU.Build.0 = Debug|Any CPU
		{02FC5D13-AAA2-467F-921D-E1C390F35F50}.Release|Any CPU.ActiveCfg = Release|Any CPU
		{02FC5D13-AAA2-467F-921D-E1C390F35F50}.Release|Any CPU.Build.0 = Release|Any CPU
		{3A016386-DA01-474B-8C26-EB130BC35738}.Debug|Any CPU.ActiveCfg = Debug|Any CPU
		{3A016386-DA01-474B-8C26-EB130BC35738}.Debug|Any CPU.Build.0 = Debug|Any CPU
		{3A016386-DA01-474B-8C26-EB130BC35738}.Release|Any CPU.ActiveCfg = Release|Any CPU
		{3A016386-DA01-474B-8C26-EB130BC35738}.Release|Any CPU.Build.0 = Release|Any CPU
		{2457744F-CE89-4809-8F0B-6E9CEBC12C0B}.Debug|Any CPU.ActiveCfg = Debug|Any CPU
		{2457744F-CE89-4809-8F0B-6E9CEBC12C0B}.Debug|Any CPU.Build.0 = Debug|Any CPU
		{2457744F-CE89-4809-8F0B-6E9CEBC12C0B}.Release|Any CPU.ActiveCfg = Release|Any CPU
		{2457744F-CE89-4809-8F0B-6E9CEBC12C0B}.Release|Any CPU.Build.0 = Release|Any CPU
		{CFB05A82-DE52-47E6-ADA6-C1AD3B03A860}.Debug|Any CPU.ActiveCfg = Debug|Any CPU
		{CFB05A82-DE52-47E6-ADA6-C1AD3B03A860}.Debug|Any CPU.Build.0 = Debug|Any CPU
		{CFB05A82-DE52-47E6-ADA6-C1AD3B03A860}.Release|Any CPU.ActiveCfg = Release|Any CPU
		{CFB05A82-DE52-47E6-ADA6-C1AD3B03A860}.Release|Any CPU.Build.0 = Release|Any CPU
		{DB12807F-053E-40D4-A11E-04DD635A83FF}.Debug|Any CPU.ActiveCfg = Debug|Any CPU
		{DB12807F-053E-40D4-A11E-04DD635A83FF}.Debug|Any CPU.Build.0 = Debug|Any CPU
		{DB12807F-053E-40D4-A11E-04DD635A83FF}.Release|Any CPU.ActiveCfg = Release|Any CPU
		{DB12807F-053E-40D4-A11E-04DD635A83FF}.Release|Any CPU.Build.0 = Release|Any CPU
		{1646727E-3817-4468-AD87-CBA0B669396D}.Debug|Any CPU.ActiveCfg = Debug|Any CPU
		{1646727E-3817-4468-AD87-CBA0B669396D}.Debug|Any CPU.Build.0 = Debug|Any CPU
		{1646727E-3817-4468-AD87-CBA0B669396D}.Release|Any CPU.ActiveCfg = Release|Any CPU
		{1646727E-3817-4468-AD87-CBA0B669396D}.Release|Any CPU.Build.0 = Release|Any CPU
		{07AE1107-BBF2-45D1-8E2C-9F723292DC4E}.Debug|Any CPU.ActiveCfg = Debug|Any CPU
		{07AE1107-BBF2-45D1-8E2C-9F723292DC4E}.Debug|Any CPU.Build.0 = Debug|Any CPU
		{07AE1107-BBF2-45D1-8E2C-9F723292DC4E}.Release|Any CPU.ActiveCfg = Release|Any CPU
		{07AE1107-BBF2-45D1-8E2C-9F723292DC4E}.Release|Any CPU.Build.0 = Release|Any CPU
		{07293955-3336-48AB-9164-9DBDED8A8434}.Debug|Any CPU.ActiveCfg = Debug|Any CPU
		{07293955-3336-48AB-9164-9DBDED8A8434}.Debug|Any CPU.Build.0 = Debug|Any CPU
		{07293955-3336-48AB-9164-9DBDED8A8434}.Release|Any CPU.ActiveCfg = Release|Any CPU
		{07293955-3336-48AB-9164-9DBDED8A8434}.Release|Any CPU.Build.0 = Release|Any CPU
		{1C111FDD-30AB-4F58-AB91-AEC8C6C04DD7}.Debug|Any CPU.ActiveCfg = Debug|Any CPU
		{1C111FDD-30AB-4F58-AB91-AEC8C6C04DD7}.Debug|Any CPU.Build.0 = Debug|Any CPU
		{1C111FDD-30AB-4F58-AB91-AEC8C6C04DD7}.Release|Any CPU.ActiveCfg = Release|Any CPU
		{1C111FDD-30AB-4F58-AB91-AEC8C6C04DD7}.Release|Any CPU.Build.0 = Release|Any CPU
		{5F99464A-1372-4D94-AAA3-DB28237F19DF}.Debug|Any CPU.ActiveCfg = Debug|Any CPU
		{5F99464A-1372-4D94-AAA3-DB28237F19DF}.Debug|Any CPU.Build.0 = Debug|Any CPU
		{5F99464A-1372-4D94-AAA3-DB28237F19DF}.Release|Any CPU.ActiveCfg = Release|Any CPU
		{5F99464A-1372-4D94-AAA3-DB28237F19DF}.Release|Any CPU.Build.0 = Release|Any CPU
		{440121C2-096A-4902-A479-0CA816C0CFEC}.Debug|Any CPU.ActiveCfg = Debug|Any CPU
		{440121C2-096A-4902-A479-0CA816C0CFEC}.Debug|Any CPU.Build.0 = Debug|Any CPU
		{440121C2-096A-4902-A479-0CA816C0CFEC}.Release|Any CPU.ActiveCfg = Release|Any CPU
		{440121C2-096A-4902-A479-0CA816C0CFEC}.Release|Any CPU.Build.0 = Release|Any CPU
		{544FEC13-1728-40BF-ADE3-BF00E36274A7}.Debug|Any CPU.ActiveCfg = Debug|Any CPU
		{544FEC13-1728-40BF-ADE3-BF00E36274A7}.Debug|Any CPU.Build.0 = Debug|Any CPU
		{544FEC13-1728-40BF-ADE3-BF00E36274A7}.Release|Any CPU.ActiveCfg = Release|Any CPU
		{544FEC13-1728-40BF-ADE3-BF00E36274A7}.Release|Any CPU.Build.0 = Release|Any CPU
		{4BE75043-32EE-4987-8977-3A984DB9988C}.Debug|Any CPU.ActiveCfg = Debug|Any CPU
		{4BE75043-32EE-4987-8977-3A984DB9988C}.Debug|Any CPU.Build.0 = Debug|Any CPU
		{4BE75043-32EE-4987-8977-3A984DB9988C}.Release|Any CPU.ActiveCfg = Release|Any CPU
		{4BE75043-32EE-4987-8977-3A984DB9988C}.Release|Any CPU.Build.0 = Release|Any CPU
		{D63BCDF3-4176-4F9A-AD8E-4940D02C77A7}.Debug|Any CPU.ActiveCfg = Debug|Any CPU
		{D63BCDF3-4176-4F9A-AD8E-4940D02C77A7}.Debug|Any CPU.Build.0 = Debug|Any CPU
		{D63BCDF3-4176-4F9A-AD8E-4940D02C77A7}.Release|Any CPU.ActiveCfg = Release|Any CPU
		{D63BCDF3-4176-4F9A-AD8E-4940D02C77A7}.Release|Any CPU.Build.0 = Release|Any CPU
		{42EFBBD3-461F-437A-A3EF-5F64629D52B1}.Debug|Any CPU.ActiveCfg = Debug|Any CPU
		{42EFBBD3-461F-437A-A3EF-5F64629D52B1}.Debug|Any CPU.Build.0 = Debug|Any CPU
		{42EFBBD3-461F-437A-A3EF-5F64629D52B1}.Release|Any CPU.ActiveCfg = Release|Any CPU
		{42EFBBD3-461F-437A-A3EF-5F64629D52B1}.Release|Any CPU.Build.0 = Release|Any CPU
		{D9425E23-01AA-4A41-8F37-8F6C9E087F4D}.Debug|Any CPU.ActiveCfg = Debug|Any CPU
		{D9425E23-01AA-4A41-8F37-8F6C9E087F4D}.Debug|Any CPU.Build.0 = Debug|Any CPU
		{D9425E23-01AA-4A41-8F37-8F6C9E087F4D}.Release|Any CPU.ActiveCfg = Release|Any CPU
		{D9425E23-01AA-4A41-8F37-8F6C9E087F4D}.Release|Any CPU.Build.0 = Release|Any CPU
		{2FE1081B-624F-4E3F-8B64-ACD6C34F3D37}.Debug|Any CPU.ActiveCfg = Debug|Any CPU
		{2FE1081B-624F-4E3F-8B64-ACD6C34F3D37}.Debug|Any CPU.Build.0 = Debug|Any CPU
		{2FE1081B-624F-4E3F-8B64-ACD6C34F3D37}.Release|Any CPU.ActiveCfg = Release|Any CPU
		{2FE1081B-624F-4E3F-8B64-ACD6C34F3D37}.Release|Any CPU.Build.0 = Release|Any CPU
		{E45E360E-0514-453B-B64B-69D02EAAE59B}.Debug|Any CPU.ActiveCfg = Debug|Any CPU
		{E45E360E-0514-453B-B64B-69D02EAAE59B}.Debug|Any CPU.Build.0 = Debug|Any CPU
		{E45E360E-0514-453B-B64B-69D02EAAE59B}.Release|Any CPU.ActiveCfg = Release|Any CPU
		{E45E360E-0514-453B-B64B-69D02EAAE59B}.Release|Any CPU.Build.0 = Release|Any CPU
		{0DA98071-C17D-43D2-855F-B893E75630A3}.Debug|Any CPU.ActiveCfg = Debug|Any CPU
		{0DA98071-C17D-43D2-855F-B893E75630A3}.Debug|Any CPU.Build.0 = Debug|Any CPU
		{0DA98071-C17D-43D2-855F-B893E75630A3}.Release|Any CPU.ActiveCfg = Release|Any CPU
		{0DA98071-C17D-43D2-855F-B893E75630A3}.Release|Any CPU.Build.0 = Release|Any CPU
	EndGlobalSection
EndGlobal
